
Microsoft Visual Studio Solution File, Format Version 12.00
# Visual Studio 14
VisualStudioVersion = 14.0.25420.1
MinimumVisualStudioVersion = 10.0.40219.1
Project("{2150E333-8FDC-42A3-9474-1A3956D46DE8}") = "Data", "Data", "{36E79536-F74D-4BED-AE40-BCA7F8A5312B}"
EndProject
Project("{2150E333-8FDC-42A3-9474-1A3956D46DE8}") = "Business", "Business", "{BFB7D858-BCAF-46CA-8F44-9688F1215711}"
EndProject
Project("{FAE04EC0-301F-11D3-BF4B-00C04F79EFBC}") = "MyForum.Data.Core", "MyForum.Data.Core\MyForum.Data.Core.csproj", "{4385115E-4FD0-42AA-BF30-3459A59F9DBE}"
EndProject
Project("{FAE04EC0-301F-11D3-BF4B-00C04F79EFBC}") = "MyForum.Data.EF", "MyForum.Data.EntityFramework\MyForum.Data.EF.csproj", "{B5397D63-9EE4-467A-969E-EA9B81EAAD72}"
EndProject
Project("{FAE04EC0-301F-11D3-BF4B-00C04F79EFBC}") = "MyForum.Web", "MyForum.Web\MyForum.Web.csproj", "{E943D16E-5568-4F1F-905E-F7DB852AA3DA}"
EndProject
Project("{FAE04EC0-301F-11D3-BF4B-00C04F79EFBC}") = "MyForum.Business.Core", "MyForum.Business.Core\MyForum.Business.Core.csproj", "{FDA4F5DE-8EF3-4471-96C8-F3A09BB8F927}"
EndProject
Global
	GlobalSection(SolutionConfigurationPlatforms) = preSolution
		Debug|Any CPU = Debug|Any CPU
		Release|Any CPU = Release|Any CPU
	EndGlobalSection
	GlobalSection(ProjectConfigurationPlatforms) = postSolution
		{4385115E-4FD0-42AA-BF30-3459A59F9DBE}.Debug|Any CPU.ActiveCfg = Debug|Any CPU
		{4385115E-4FD0-42AA-BF30-3459A59F9DBE}.Debug|Any CPU.Build.0 = Debug|Any CPU
		{4385115E-4FD0-42AA-BF30-3459A59F9DBE}.Release|Any CPU.ActiveCfg = Release|Any CPU
		{4385115E-4FD0-42AA-BF30-3459A59F9DBE}.Release|Any CPU.Build.0 = Release|Any CPU
		{B5397D63-9EE4-467A-969E-EA9B81EAAD72}.Debug|Any CPU.ActiveCfg = Debug|Any CPU
		{B5397D63-9EE4-467A-969E-EA9B81EAAD72}.Debug|Any CPU.Build.0 = Debug|Any CPU
		{B5397D63-9EE4-467A-969E-EA9B81EAAD72}.Release|Any CPU.ActiveCfg = Release|Any CPU
		{B5397D63-9EE4-467A-969E-EA9B81EAAD72}.Release|Any CPU.Build.0 = Release|Any CPU
		{E943D16E-5568-4F1F-905E-F7DB852AA3DA}.Debug|Any CPU.ActiveCfg = Debug|Any CPU
		{E943D16E-5568-4F1F-905E-F7DB852AA3DA}.Debug|Any CPU.Build.0 = Debug|Any CPU
		{E943D16E-5568-4F1F-905E-F7DB852AA3DA}.Release|Any CPU.ActiveCfg = Release|Any CPU
		{E943D16E-5568-4F1F-905E-F7DB852AA3DA}.Release|Any CPU.Build.0 = Release|Any CPU
		{FDA4F5DE-8EF3-4471-96C8-F3A09BB8F927}.Debug|Any CPU.ActiveCfg = Debug|Any CPU
		{FDA4F5DE-8EF3-4471-96C8-F3A09BB8F927}.Debug|Any CPU.Build.0 = Debug|Any CPU
		{FDA4F5DE-8EF3-4471-96C8-F3A09BB8F927}.Release|Any CPU.ActiveCfg = Release|Any CPU
		{FDA4F5DE-8EF3-4471-96C8-F3A09BB8F927}.Release|Any CPU.Build.0 = Release|Any CPU
	EndGlobalSection
	GlobalSection(SolutionProperties) = preSolution
		HideSolutionNode = FALSE
	EndGlobalSection
	GlobalSection(NestedProjects) = preSolution
		{4385115E-4FD0-42AA-BF30-3459A59F9DBE} = {36E79536-F74D-4BED-AE40-BCA7F8A5312B}
		{B5397D63-9EE4-467A-969E-EA9B81EAAD72} = {36E79536-F74D-4BED-AE40-BCA7F8A5312B}
		{FDA4F5DE-8EF3-4471-96C8-F3A09BB8F927} = {BFB7D858-BCAF-46CA-8F44-9688F1215711}
	EndGlobalSection
EndGlobal
